
Microsoft Visual Studio Solution File, Format Version 12.00
# Visual Studio Version 17
VisualStudioVersion = 17.4.33205.214
MinimumVisualStudioVersion = 10.0.40219.1
Project("{FAE04EC0-301F-11D3-BF4B-00C04F79EFBC}") = "EducationalManagementSystem", "EducationalManagementSystem\EducationalManagementSystem.csproj", "{DCED6983-2772-431C-8FF1-25C13B44FC1B}"
EndProject
Global
	GlobalSection(SolutionConfigurationPlatforms) = preSolution
		Debug|Any CPU = Debug|Any CPU
		Release|Any CPU = Release|Any CPU
	EndGlobalSection
	GlobalSection(ProjectConfigurationPlatforms) = postSolution
		{DCED6983-2772-431C-8FF1-25C13B44FC1B}.Debug|Any CPU.ActiveCfg = Debug|Any CPU
		{DCED6983-2772-431C-8FF1-25C13B44FC1B}.Debug|Any CPU.Build.0 = Debug|Any CPU
		{DCED6983-2772-431C-8FF1-25C13B44FC1B}.Release|Any CPU.ActiveCfg = Release|Any CPU
		{DCED6983-2772-431C-8FF1-25C13B44FC1B}.Release|Any CPU.Build.0 = Release|Any CPU
	EndGlobalSection
	GlobalSection(SolutionProperties) = preSolution
		HideSolutionNode = FALSE
	EndGlobalSection
	GlobalSection(ExtensibilityGlobals) = postSolution
		SolutionGuid = {67C9514E-C2FF-4782-9C55-94F0A216D81B}
	EndGlobalSection
EndGlobal
